// !$*UTF8*$!
{
	archiveVersion = 1;
	classes = {
	};
	objectVersion = 46;
	objects = {

/* Begin PBXBuildFile section */
		7B07BDA01D275EFB00703B7C /* AppDelegate.swift in Sources */ = {isa = PBXBuildFile; fileRef = 7B07BD9F1D275EFB00703B7C /* AppDelegate.swift */; };
		7B07BDA21D275EFB00703B7C /* ViewController.swift in Sources */ = {isa = PBXBuildFile; fileRef = 7B07BDA11D275EFB00703B7C /* ViewController.swift */; };
		7B07BDA51D275EFB00703B7C /* Main.storyboard in Resources */ = {isa = PBXBuildFile; fileRef = 7B07BDA31D275EFB00703B7C /* Main.storyboard */; };
		7B07BDA71D275EFB00703B7C /* Assets.xcassets in Resources */ = {isa = PBXBuildFile; fileRef = 7B07BDA61D275EFB00703B7C /* Assets.xcassets */; };
		7B07BDAA1D275EFB00703B7C /* LaunchScreen.storyboard in Resources */ = {isa = PBXBuildFile; fileRef = 7B07BDA81D275EFB00703B7C /* LaunchScreen.storyboard */; };
/* End PBXBuildFile section */

/* Begin PBXFileReference section */
		7B07BD9C1D275EFB00703B7C /* PJMusicPlayer.app */ = {isa = PBXFileReference; explicitFileType = wrapper.application; includeInIndex = 0; path = PJMusicPlayer.app; sourceTree = BUILT_PRODUCTS_DIR; };
		7B07BD9F1D275EFB00703B7C /* AppDelegate.swift */ = {isa = PBXFileReference; lastKnownFileType = sourcecode.swift; path = AppDelegate.swift; sourceTree = "<group>"; };
		7B07BDA11D275EFB00703B7C /* ViewController.swift */ = {isa = PBXFileReference; lastKnownFileType = sourcecode.swift; path = ViewController.swift; sourceTree = "<group>"; };
		7B07BDA41D275EFB00703B7C /* Base */ = {isa = PBXFileReference; lastKnownFileType = file.storyboard; name = Base; path = Base.lproj/Main.storyboard; sourceTree = "<group>"; };
		7B07BDA61D275EFB00703B7C /* Assets.xcassets */ = {isa = PBXFileReference; lastKnownFileType = folder.assetcatalog; path = Assets.xcassets; sourceTree = "<group>"; };
		7B07BDA91D275EFB00703B7C /* Base */ = {isa = PBXFileReference; lastKnownFileType = file.storyboard; name = Base; path = Base.lproj/LaunchScreen.storyboard; sourceTree = "<group>"; };
		7B07BDAB1D275EFB00703B7C /* Info.plist */ = {isa = PBXFileReference; lastKnownFileType = text.plist.xml; path = Info.plist; sourceTree = "<group>"; };
/* End PBXFileReference section */

/* Begin PBXFrameworksBuildPhase section */
		7B07BD991D275EFB00703B7C /* Frameworks */ = {
			isa = PBXFrameworksBuildPhase;
			buildActionMask = 2147483647;
			files = (
			);
			runOnlyForDeploymentPostprocessing = 0;
		};
/* End PBXFrameworksBuildPhase section */

/* Begin PBXGroup section */
		7B07BD931D275EFA00703B7C = {
			isa = PBXGroup;
			children = (
				7B07BD9E1D275EFB00703B7C /* PJMusicPlayer */,
				7B07BD9D1D275EFB00703B7C /* Products */,
			);
			sourceTree = "<group>";
		};
		7B07BD9D1D275EFB00703B7C /* Products */ = {
			isa = PBXGroup;
			children = (
				7B07BD9C1D275EFB00703B7C /* PJMusicPlayer.app */,
			);
			name = Products;
			sourceTree = "<group>";
		};
		7B07BD9E1D275EFB00703B7C /* PJMusicPlayer */ = {
			isa = PBXGroup;
			children = (
				7B07BD9F1D275EFB00703B7C /* AppDelegate.swift */,
				7B07BDA11D275EFB00703B7C /* ViewController.swift */,
				7B07BDA31D275EFB00703B7C /* Main.storyboard */,
				7B07BDA61D275EFB00703B7C /* Assets.xcassets */,
				7B07BDA81D275EFB00703B7C /* LaunchScreen.storyboard */,
				7B07BDAB1D275EFB00703B7C /* Info.plist */,
			);
			path = PJMusicPlayer;
			sourceTree = "<group>";
		};
/* End PBXGroup section */

/* Begin PBXNativeTarget section */
		7B07BD9B1D275EFB00703B7C /* PJMusicPlayer */ = {
			isa = PBXNativeTarget;
			buildConfigurationList = 7B07BDAE1D275EFB00703B7C /* Build configuration list for PBXNativeTarget "PJMusicPlayer" */;
			buildPhases = (
				7B07BD981D275EFB00703B7C /* Sources */,
				7B07BD991D275EFB00703B7C /* Frameworks */,
				7B07BD9A1D275EFB00703B7C /* Resources */,
			);
			buildRules = (
			);
			dependencies = (
			);
			name = PJMusicPlayer;
			productName = PJMusicPlayer;
			productReference = 7B07BD9C1D275EFB00703B7C /* PJMusicPlayer.app */;
			productType = "com.apple.product-type.application";
		};
/* End PBXNativeTarget section */

/* Begin PBXProject section */
		7B07BD941D275EFA00703B7C /* Project object */ = {
			isa = PBXProject;
			attributes = {
				LastSwiftUpdateCheck = 0730;
				LastUpgradeCheck = 0730;
				ORGANIZATIONNAME = "彭晋";
				TargetAttributes = {
					7B07BD9B1D275EFB00703B7C = {
						CreatedOnToolsVersion = 7.3.1;
						DevelopmentTeam = TXBB7L79WD;
					};
				};
			};
			buildConfigurationList = 7B07BD971D275EFA00703B7C /* Build configuration list for PBXProject "PJMusicPlayer" */;
			compatibilityVersion = "Xcode 3.2";
			developmentRegion = English;
			hasScannedForEncodings = 0;
			knownRegions = (
				en,
				Base,
			);
			mainGroup = 7B07BD931D275EFA00703B7C;
			productRefGroup = 7B07BD9D1D275EFB00703B7C /* Products */;
			projectDirPath = "";
			projectRoot = "";
			targets = (
				7B07BD9B1D275EFB00703B7C /* PJMusicPlayer */,
			);
		};
/* End PBXProject section */

/* Begin PBXResourcesBuildPhase section */
		7B07BD9A1D275EFB00703B7C /* Resources */ = {
			isa = PBXResourcesBuildPhase;
			buildActionMask = 2147483647;
			files = (
				7B07BDAA1D275EFB00703B7C /* LaunchScreen.storyboard in Resources */,
				7B07BDA71D275EFB00703B7C /* Assets.xcassets in Resources */,
				7B07BDA51D275EFB00703B7C /* Main.storyboard in Resources */,
			);
			runOnlyForDeploymentPostprocessing = 0;
		};
/* End PBXResourcesBuildPhase section */

/* Begin PBXSourcesBuildPhase section */
		7B07BD981D275EFB00703B7C /* Sources */ = {
			isa = PBXSourcesBuildPhase;
			buildActionMask = 2147483647;
			files = (
				7B07BDA21D275EFB00703B7C /* ViewController.swift in Sources */,
				7B07BDA01D275EFB00703B7C /* AppDelegate.swift in Sources */,
			);
			runOnlyForDeploymentPostprocessing = 0;
		};
/* End PBXSourcesBuildPhase section */

/* Begin PBXVariantGroup section */
		7B07BDA31D275EFB00703B7C /* Main.storyboard */ = {
			isa = PBXVariantGroup;
			children = (
				7B07BDA41D275EFB00703B7C /* Base */,
			);
			name = Main.storyboard;
			sourceTree = "<group>";
		};
		7B07BDA81D275EFB00703B7C /* LaunchScreen.storyboard */ = {
			isa = PBXVariantGroup;
			children = (
				7B07BDA91D275EFB00703B7C /* Base */,
			);
			name = LaunchScreen.storyboard;
			sourceTree = "<group>";
		};
/* End PBXVariantGroup section */

/* Begin XCBuildConfiguration section */
		7B07BDAC1D275EFB00703B7C /* Debug */ = {
			isa = XCBuildConfiguration;
			buildSettings = {
				ALWAYS_SEARCH_USER_PATHS = NO;
				CLANG_ANALYZER_NONNULL = YES;
				CLANG_CXX_LANGUAGE_STANDARD = "gnu++0x";
				CLANG_CXX_LIBRARY = "libc++";
				CLANG_ENABLE_MODULES = YES;
				CLANG_ENABLE_OBJC_ARC = YES;
				CLANG_WARN_BOOL_CONVERSION = YES;
				CLANG_WARN_CONSTANT_CONVERSION = YES;
				CLANG_WARN_DIRECT_OBJC_ISA_USAGE = YES_ERROR;
				CLANG_WARN_EMPTY_BODY = YES;
				CLANG_WARN_ENUM_CONVERSION = YES;
				CLANG_WARN_INT_CONVERSION = YES;
				CLANG_WARN_OBJC_ROOT_CLASS = YES_ERROR;
				CLANG_WARN_UNREACHABLE_CODE = YES;
				CLANG_WARN__DUPLICATE_METHOD_MATCH = YES;
				"CODE_SIGN_IDENTITY[sdk=iphoneos*]" = "iPhone Developer";
				COPY_PHASE_STRIP = NO;
				DEBUG_INFORMATION_FORMAT = dwarf;
				ENABLE_STRICT_OBJC_MSGSEND = YES;
				ENABLE_TESTABILITY = YES;
				GCC_C_LANGUAGE_STANDARD = gnu99;
				GCC_DYNAMIC_NO_PIC = NO;
				GCC_NO_COMMON_BLOCKS = YES;
				GCC_OPTIMIZATION_LEVEL = 0;
				GCC_PREPROCESSOR_DEFINITIONS = (
					"DEBUG=1",
					"$(inherited)",
				);
				GCC_WARN_64_TO_32_BIT_CONVERSION = YES;
				GCC_WARN_ABOUT_RETURN_TYPE = YES_ERROR;
				GCC_WARN_UNDECLARED_SELECTOR = YES;
				GCC_WARN_UNINITIALIZED_AUTOS = YES_AGGRESSIVE;
				GCC_WARN_UNUSED_FUNCTION = YES;
				GCC_WARN_UNUSED_VARIABLE = YES;
				IPHONEOS_DEPLOYMENT_TARGET = 9.3;
				MTL_ENABLE_DEBUG_INFO = YES;
				ONLY_ACTIVE_ARCH = YES;
				SDKROOT = iphoneos;
				SWIFT_OPTIMIZATION_LEVEL = "-Onone";
			};
			name = Debug;
		};
		7B07BDAD1D275EFB00703B7C /* Release */ = {
			isa = XCBuildConfiguration;
			buildSettings = {
				ALWAYS_SEARCH_USER_PATHS = NO;
				CLANG_ANALYZER_NONNULL = YES;
				CLANG_CXX_LANGUAGE_STANDARD = "gnu++0x";
				CLANG_CXX_LIBRARY = "libc++";
				CLANG_ENABLE_MODULES = YES;
				CLANG_ENABLE_OBJC_ARC = YES;
				CLANG_WARN_BOOL_CONVERSION = YES;
				CLANG_WARN_CONSTANT_CONVERSION = YES;
				CLANG_WARN_DIRECT_OBJC_ISA_USAGE = YES_ERROR;
				CLANG_WARN_EMPTY_BODY = YES;
				CLANG_WARN_ENUM_CONVERSION = YES;
				CLANG_WARN_INT_CONVERSION = YES;
				CLANG_WARN_OBJC_ROOT_CLASS = YES_ERROR;
				CLANG_WARN_UNREACHABLE_CODE = YES;
				CLANG_WARN__DUPLICATE_METHOD_MATCH = YES;
				"CODE_SIGN_IDENTITY[sdk=iphoneos*]" = "iPhone Developer";
				COPY_PHASE_STRIP = NO;
				DEBUG_INFORMATION_FORMAT = "dwarf-with-dsym";
				ENABLE_NS_ASSERTIONS = NO;
				ENABLE_STRICT_OBJC_MSGSEND = YES;
				GCC_C_LANGUAGE_STANDARD = gnu99;
				GCC_NO_COMMON_BLOCKS = YES;
				GCC_WARN_64_TO_32_BIT_CONVERSION = YES;
				GCC_WARN_ABOUT_RETURN_TYPE = YES_ERROR;
				GCC_WARN_UNDECLARED_SELECTOR = YES;
				GCC_WARN_UNINITIALIZED_AUTOS = YES_AGGRESSIVE;
				GCC_WARN_UNUSED_FUNCTION = YES;
				GCC_WARN_UNUSED_VARIABLE = YES;
				IPHONEOS_DEPLOYMENT_TARGET = 9.3;
				MTL_ENABLE_DEBUG_INFO = NO;
				SDKROOT = iphoneos;
				VALIDATE_PRODUCT = YES;
			};
			name = Release;
		};
		7B07BDAF1D275EFB00703B7C /* Debug */ = {
			isa = XCBuildConfiguration;
			buildSettings = {
				ASSETCATALOG_COMPILER_APPICON_NAME = AppIcon;
				INFOPLIST_FILE = PJMusicPlayer/Info.plist;
				LD_RUNPATH_SEARCH_PATHS = "$(inherited) @executable_path/Frameworks";
				PRODUCT_BUNDLE_IDENTIFIER = com.jinpeng.PJMusicPlayer;
				PRODUCT_NAME = "$(TARGET_NAME)";
			};
			name = Debug;
		};
		7B07BDB01D275EFB00703B7C /* Release */ = {
			isa = XCBuildConfiguration;
			buildSettings = {
				ASSETCATALOG_COMPILER_APPICON_NAME = AppIcon;
				INFOPLIST_FILE = PJMusicPlayer/Info.plist;
				LD_RUNPATH_SEARCH_PATHS = "$(inherited) @executable_path/Frameworks";
				PRODUCT_BUNDLE_IDENTIFIER = com.jinpeng.PJMusicPlayer;
				PRODUCT_NAME = "$(TARGET_NAME)";
			};
			name = Release;
		};
/* End XCBuildConfiguration section */

/* Begin XCConfigurationList section */
		7B07BD971D275EFA00703B7C /* Build configuration list for PBXProject "PJMusicPlayer" */ = {
			isa = XCConfigurationList;
			buildConfigurations = (
				7B07BDAC1D275EFB00703B7C /* Debug */,
				7B07BDAD1D275EFB00703B7C /* Release */,
			);
			defaultConfigurationIsVisible = 0;
			defaultConfigurationName = Release;
		};
		7B07BDAE1D275EFB00703B7C /* Build configuration list for PBXNativeTarget "PJMusicPlayer" */ = {
			isa = XCConfigurationList;
			buildConfigurations = (
				7B07BDAF1D275EFB00703B7C /* Debug */,
				7B07BDB01D275EFB00703B7C /* Release */,
			);
			defaultConfigurationIsVisible = 0;
		};
/* End XCConfigurationList section */
	};
	rootObject = 7B07BD941D275EFA00703B7C /* Project object */;
}
