// !$*UTF8*$!
{
	archiveVersion = 1;
	classes = {
	};
	objectVersion = 46;
	objects = {

/* Begin PBXBuildFile section */
		7B07BDA01D275EFB00703B7C /* AppDelegate.swift in Sources */ = {isa = PBXBuildFile; fileRef = 7B07BD9F1D275EFB00703B7C /* AppDelegate.swift */; };
		7B07BDA21D275EFB00703B7C /* ViewController.swift in Sources */ = {isa = PBXBuildFile; fileRef = 7B07BDA11D275EFB00703B7C /* ViewController.swift */; };
		7B07BDA51D275EFB00703B7C /* Main.storyboard in Resources */ = {isa = PBXBuildFile; fileRef = 7B07BDA31D275EFB00703B7C /* Main.storyboard */; };
		7B07BDA71D275EFB00703B7C /* Assets.xcassets in Resources */ = {isa = PBXBuildFile; fileRef = 7B07BDA61D275EFB00703B7C /* Assets.xcassets */; };
		7B07BDAA1D275EFB00703B7C /* LaunchScreen.storyboard in Resources */ = {isa = PBXBuildFile; fileRef = 7B07BDA81D275EFB00703B7C /* LaunchScreen.storyboard */; };
		7BCBDAE01D276CD000CDB135 /* bacground.jpg in Resources */ = {isa = PBXBuildFile; fileRef = 7BCBDADF1D276CD000CDB135 /* bacground.jpg */; };
		7BCBDAEC1D276D9F00CDB135 /* previousMusic.png in Resources */ = {isa = PBXBuildFile; fileRef = 7BCBDAE11D276D9F00CDB135 /* previousMusic.png */; };
		7BCBDAED1D276D9F00CDB135 /* circleClose.png in Resources */ = {isa = PBXBuildFile; fileRef = 7BCBDAE21D276D9F00CDB135 /* circleClose.png */; };
		7BCBDAEE1D276D9F00CDB135 /* circleOpen.png in Resources */ = {isa = PBXBuildFile; fileRef = 7BCBDAE31D276D9F00CDB135 /* circleOpen.png */; };
		7BCBDAEF1D276D9F00CDB135 /* menu.png in Resources */ = {isa = PBXBuildFile; fileRef = 7BCBDAE41D276D9F00CDB135 /* menu.png */; };
		7BCBDAF01D276D9F00CDB135 /* nextMusic.png in Resources */ = {isa = PBXBuildFile; fileRef = 7BCBDAE51D276D9F00CDB135 /* nextMusic.png */; };
		7BCBDAF11D276D9F00CDB135 /* pause.png in Resources */ = {isa = PBXBuildFile; fileRef = 7BCBDAE61D276D9F00CDB135 /* pause.png */; };
		7BCBDAF21D276D9F00CDB135 /* play.png in Resources */ = {isa = PBXBuildFile; fileRef = 7BCBDAE71D276D9F00CDB135 /* play.png */; };
		7BCBDAF31D276D9F00CDB135 /* randomClose.png in Resources */ = {isa = PBXBuildFile; fileRef = 7BCBDAE81D276D9F00CDB135 /* randomClose.png */; };
		7BCBDAF41D276D9F00CDB135 /* randomOpen.png in Resources */ = {isa = PBXBuildFile; fileRef = 7BCBDAE91D276D9F00CDB135 /* randomOpen.png */; };
		7BCBDAF51D276D9F00CDB135 /* sliderThumb_small.png in Resources */ = {isa = PBXBuildFile; fileRef = 7BCBDAEA1D276D9F00CDB135 /* sliderThumb_small.png */; };
		7BCBDAF61D276D9F00CDB135 /* soundSlider.png in Resources */ = {isa = PBXBuildFile; fileRef = 7BCBDAEB1D276D9F00CDB135 /* soundSlider.png */; };
		7BCBDAFE1D27AEC800CDB135 /* 情非得已.lrc in Resources */ = {isa = PBXBuildFile; fileRef = 7BCBDAF81D27AEC800CDB135 /* 情非得已.lrc */; };
		7BCBDAFF1D27AEC800CDB135 /* 情非得已.mp3 in Resources */ = {isa = PBXBuildFile; fileRef = 7BCBDAF91D27AEC800CDB135 /* 情非得已.mp3 */; };
		7BCBDB001D27AEC800CDB135 /* 林俊杰-背对背拥抱.lrc in Resources */ = {isa = PBXBuildFile; fileRef = 7BCBDAFA1D27AEC800CDB135 /* 林俊杰-背对背拥抱.lrc */; };
		7BCBDB011D27AEC800CDB135 /* 林俊杰-背对背拥抱.mp3 in Resources */ = {isa = PBXBuildFile; fileRef = 7BCBDAFB1D27AEC800CDB135 /* 林俊杰-背对背拥抱.mp3 */; };
		7BCBDB021D27AEC800CDB135 /* 梁静茹-偶阵雨.lrc in Resources */ = {isa = PBXBuildFile; fileRef = 7BCBDAFC1D27AEC800CDB135 /* 梁静茹-偶阵雨.lrc */; };
		7BCBDB031D27AEC800CDB135 /* 梁静茹-偶阵雨.mp3 in Resources */ = {isa = PBXBuildFile; fileRef = 7BCBDAFD1D27AEC800CDB135 /* 梁静茹-偶阵雨.mp3 */; };
/* End PBXBuildFile section */

/* Begin PBXFileReference section */
		7B07BD9C1D275EFB00703B7C /* PJMusicPlayer.app */ = {isa = PBXFileReference; explicitFileType = wrapper.application; includeInIndex = 0; path = PJMusicPlayer.app; sourceTree = BUILT_PRODUCTS_DIR; };
		7B07BD9F1D275EFB00703B7C /* AppDelegate.swift */ = {isa = PBXFileReference; lastKnownFileType = sourcecode.swift; path = AppDelegate.swift; sourceTree = "<group>"; };
		7B07BDA11D275EFB00703B7C /* ViewController.swift */ = {isa = PBXFileReference; lastKnownFileType = sourcecode.swift; path = ViewController.swift; sourceTree = "<group>"; };
		7B07BDA41D275EFB00703B7C /* Base */ = {isa = PBXFileReference; lastKnownFileType = file.storyboard; name = Base; path = Base.lproj/Main.storyboard; sourceTree = "<group>"; };
		7B07BDA61D275EFB00703B7C /* Assets.xcassets */ = {isa = PBXFileReference; lastKnownFileType = folder.assetcatalog; path = Assets.xcassets; sourceTree = "<group>"; };
		7B07BDA91D275EFB00703B7C /* Base */ = {isa = PBXFileReference; lastKnownFileType = file.storyboard; name = Base; path = Base.lproj/LaunchScreen.storyboard; sourceTree = "<group>"; };
		7B07BDAB1D275EFB00703B7C /* Info.plist */ = {isa = PBXFileReference; lastKnownFileType = text.plist.xml; path = Info.plist; sourceTree = "<group>"; };
		7BCBDADF1D276CD000CDB135 /* bacground.jpg */ = {isa = PBXFileReference; lastKnownFileType = image.jpeg; path = bacground.jpg; sourceTree = "<group>"; };
		7BCBDAE11D276D9F00CDB135 /* previousMusic.png */ = {isa = PBXFileReference; lastKnownFileType = image.png; path = previousMusic.png; sourceTree = "<group>"; };
		7BCBDAE21D276D9F00CDB135 /* circleClose.png */ = {isa = PBXFileReference; lastKnownFileType = image.png; path = circleClose.png; sourceTree = "<group>"; };
		7BCBDAE31D276D9F00CDB135 /* circleOpen.png */ = {isa = PBXFileReference; lastKnownFileType = image.png; path = circleOpen.png; sourceTree = "<group>"; };
		7BCBDAE41D276D9F00CDB135 /* menu.png */ = {isa = PBXFileReference; lastKnownFileType = image.png; path = menu.png; sourceTree = "<group>"; };
		7BCBDAE51D276D9F00CDB135 /* nextMusic.png */ = {isa = PBXFileReference; lastKnownFileType = image.png; path = nextMusic.png; sourceTree = "<group>"; };
		7BCBDAE61D276D9F00CDB135 /* pause.png */ = {isa = PBXFileReference; lastKnownFileType = image.png; path = pause.png; sourceTree = "<group>"; };
		7BCBDAE71D276D9F00CDB135 /* play.png */ = {isa = PBXFileReference; lastKnownFileType = image.png; path = play.png; sourceTree = "<group>"; };
		7BCBDAE81D276D9F00CDB135 /* randomClose.png */ = {isa = PBXFileReference; lastKnownFileType = image.png; path = randomClose.png; sourceTree = "<group>"; };
		7BCBDAE91D276D9F00CDB135 /* randomOpen.png */ = {isa = PBXFileReference; lastKnownFileType = image.png; path = randomOpen.png; sourceTree = "<group>"; };
		7BCBDAEA1D276D9F00CDB135 /* sliderThumb_small.png */ = {isa = PBXFileReference; lastKnownFileType = image.png; path = sliderThumb_small.png; sourceTree = "<group>"; };
		7BCBDAEB1D276D9F00CDB135 /* soundSlider.png */ = {isa = PBXFileReference; lastKnownFileType = image.png; path = soundSlider.png; sourceTree = "<group>"; };
		7BCBDAF81D27AEC800CDB135 /* 情非得已.lrc */ = {isa = PBXFileReference; fileEncoding = 4; lastKnownFileType = text; path = "情非得已.lrc"; sourceTree = "<group>"; };
		7BCBDAF91D27AEC800CDB135 /* 情非得已.mp3 */ = {isa = PBXFileReference; lastKnownFileType = audio.mp3; path = "情非得已.mp3"; sourceTree = "<group>"; };
		7BCBDAFA1D27AEC800CDB135 /* 林俊杰-背对背拥抱.lrc */ = {isa = PBXFileReference; fileEncoding = 4; lastKnownFileType = text; path = "林俊杰-背对背拥抱.lrc"; sourceTree = "<group>"; };
		7BCBDAFB1D27AEC800CDB135 /* 林俊杰-背对背拥抱.mp3 */ = {isa = PBXFileReference; lastKnownFileType = audio.mp3; path = "林俊杰-背对背拥抱.mp3"; sourceTree = "<group>"; };
		7BCBDAFC1D27AEC800CDB135 /* 梁静茹-偶阵雨.lrc */ = {isa = PBXFileReference; fileEncoding = 4; lastKnownFileType = text; path = "梁静茹-偶阵雨.lrc"; sourceTree = "<group>"; };
		7BCBDAFD1D27AEC800CDB135 /* 梁静茹-偶阵雨.mp3 */ = {isa = PBXFileReference; lastKnownFileType = audio.mp3; path = "梁静茹-偶阵雨.mp3"; sourceTree = "<group>"; };
/* End PBXFileReference section */

/* Begin PBXFrameworksBuildPhase section */
		7B07BD991D275EFB00703B7C /* Frameworks */ = {
			isa = PBXFrameworksBuildPhase;
			buildActionMask = 2147483647;
			files = (
			);
			runOnlyForDeploymentPostprocessing = 0;
		};
/* End PBXFrameworksBuildPhase section */

/* Begin PBXGroup section */
		7B07BD931D275EFA00703B7C = {
			isa = PBXGroup;
			children = (
				7BCBDAF71D27AEC800CDB135 /* source */,
				7BCBDADE1D276CD000CDB135 /* images */,
				7B07BD9E1D275EFB00703B7C /* PJMusicPlayer */,
				7B07BD9D1D275EFB00703B7C /* Products */,
			);
			sourceTree = "<group>";
		};
		7B07BD9D1D275EFB00703B7C /* Products */ = {
			isa = PBXGroup;
			children = (
				7B07BD9C1D275EFB00703B7C /* PJMusicPlayer.app */,
			);
			name = Products;
			sourceTree = "<group>";
		};
		7B07BD9E1D275EFB00703B7C /* PJMusicPlayer */ = {
			isa = PBXGroup;
			children = (
				7B07BD9F1D275EFB00703B7C /* AppDelegate.swift */,
				7B07BDA11D275EFB00703B7C /* ViewController.swift */,
				7B07BDA31D275EFB00703B7C /* Main.storyboard */,
				7B07BDA61D275EFB00703B7C /* Assets.xcassets */,
				7B07BDA81D275EFB00703B7C /* LaunchScreen.storyboard */,
				7B07BDAB1D275EFB00703B7C /* Info.plist */,
			);
			path = PJMusicPlayer;
			sourceTree = "<group>";
		};
		7BCBDADE1D276CD000CDB135 /* images */ = {
			isa = PBXGroup;
			children = (
				7BCBDAE11D276D9F00CDB135 /* previousMusic.png */,
				7BCBDAE21D276D9F00CDB135 /* circleClose.png */,
				7BCBDAE31D276D9F00CDB135 /* circleOpen.png */,
				7BCBDAE41D276D9F00CDB135 /* menu.png */,
				7BCBDAE51D276D9F00CDB135 /* nextMusic.png */,
				7BCBDAE61D276D9F00CDB135 /* pause.png */,
				7BCBDAE71D276D9F00CDB135 /* play.png */,
				7BCBDAE81D276D9F00CDB135 /* randomClose.png */,
				7BCBDAE91D276D9F00CDB135 /* randomOpen.png */,
				7BCBDAEA1D276D9F00CDB135 /* sliderThumb_small.png */,
				7BCBDAEB1D276D9F00CDB135 /* soundSlider.png */,
				7BCBDADF1D276CD000CDB135 /* bacground.jpg */,
			);
			path = images;
			sourceTree = "<group>";
		};
		7BCBDAF71D27AEC800CDB135 /* source */ = {
			isa = PBXGroup;
			children = (
				7BCBDAF81D27AEC800CDB135 /* 情非得已.lrc */,
				7BCBDAF91D27AEC800CDB135 /* 情非得已.mp3 */,
				7BCBDAFA1D27AEC800CDB135 /* 林俊杰-背对背拥抱.lrc */,
				7BCBDAFB1D27AEC800CDB135 /* 林俊杰-背对背拥抱.mp3 */,
				7BCBDAFC1D27AEC800CDB135 /* 梁静茹-偶阵雨.lrc */,
				7BCBDAFD1D27AEC800CDB135 /* 梁静茹-偶阵雨.mp3 */,
			);
			path = source;
			sourceTree = "<group>";
		};
/* End PBXGroup section */

/* Begin PBXNativeTarget section */
		7B07BD9B1D275EFB00703B7C /* PJMusicPlayer */ = {
			isa = PBXNativeTarget;
			buildConfigurationList = 7B07BDAE1D275EFB00703B7C /* Build configuration list for PBXNativeTarget "PJMusicPlayer" */;
			buildPhases = (
				7B07BD981D275EFB00703B7C /* Sources */,
				7B07BD991D275EFB00703B7C /* Frameworks */,
				7B07BD9A1D275EFB00703B7C /* Resources */,
			);
			buildRules = (
			);
			dependencies = (
			);
			name = PJMusicPlayer;
			productName = PJMusicPlayer;
			productReference = 7B07BD9C1D275EFB00703B7C /* PJMusicPlayer.app */;
			productType = "com.apple.product-type.application";
		};
/* End PBXNativeTarget section */

/* Begin PBXProject section */
		7B07BD941D275EFA00703B7C /* Project object */ = {
			isa = PBXProject;
			attributes = {
				CLASSPREFIX = PJ;
				LastSwiftUpdateCheck = 0730;
				LastUpgradeCheck = 0730;
				ORGANIZATIONNAME = "彭晋";
				TargetAttributes = {
					7B07BD9B1D275EFB00703B7C = {
						CreatedOnToolsVersion = 7.3.1;
						DevelopmentTeam = TXBB7L79WD;
					};
				};
			};
			buildConfigurationList = 7B07BD971D275EFA00703B7C /* Build configuration list for PBXProject "PJMusicPlayer" */;
			compatibilityVersion = "Xcode 3.2";
			developmentRegion = English;
			hasScannedForEncodings = 0;
			knownRegions = (
				en,
				Base,
			);
			mainGroup = 7B07BD931D275EFA00703B7C;
			productRefGroup = 7B07BD9D1D275EFB00703B7C /* Products */;
			projectDirPath = "";
			projectRoot = "";
			targets = (
				7B07BD9B1D275EFB00703B7C /* PJMusicPlayer */,
			);
		};
/* End PBXProject section */

/* Begin PBXResourcesBuildPhase section */
		7B07BD9A1D275EFB00703B7C /* Resources */ = {
			isa = PBXResourcesBuildPhase;
			buildActionMask = 2147483647;
			files = (
				7BCBDAEF1D276D9F00CDB135 /* menu.png in Resources */,
				7BCBDB011D27AEC800CDB135 /* 林俊杰-背对背拥抱.mp3 in Resources */,
				7BCBDB031D27AEC800CDB135 /* 梁静茹-偶阵雨.mp3 in Resources */,
				7BCBDAF01D276D9F00CDB135 /* nextMusic.png in Resources */,
				7BCBDAF11D276D9F00CDB135 /* pause.png in Resources */,
				7BCBDB001D27AEC800CDB135 /* 林俊杰-背对背拥抱.lrc in Resources */,
				7BCBDAFE1D27AEC800CDB135 /* 情非得已.lrc in Resources */,
				7BCBDAEC1D276D9F00CDB135 /* previousMusic.png in Resources */,
				7BCBDAF61D276D9F00CDB135 /* soundSlider.png in Resources */,
				7BCBDAEE1D276D9F00CDB135 /* circleOpen.png in Resources */,
				7BCBDAF31D276D9F00CDB135 /* randomClose.png in Resources */,
				7BCBDAFF1D27AEC800CDB135 /* 情非得已.mp3 in Resources */,
				7B07BDAA1D275EFB00703B7C /* LaunchScreen.storyboard in Resources */,
				7BCBDAF51D276D9F00CDB135 /* sliderThumb_small.png in Resources */,
				7BCBDB021D27AEC800CDB135 /* 梁静茹-偶阵雨.lrc in Resources */,
				7BCBDAE01D276CD000CDB135 /* bacground.jpg in Resources */,
				7BCBDAF21D276D9F00CDB135 /* play.png in Resources */,
				7BCBDAF41D276D9F00CDB135 /* randomOpen.png in Resources */,
				7B07BDA71D275EFB00703B7C /* Assets.xcassets in Resources */,
				7BCBDAED1D276D9F00CDB135 /* circleClose.png in Resources */,
				7B07BDA51D275EFB00703B7C /* Main.storyboard in Resources */,
			);
			runOnlyForDeploymentPostprocessing = 0;
		};
/* End PBXResourcesBuildPhase section */

/* Begin PBXSourcesBuildPhase section */
		7B07BD981D275EFB00703B7C /* Sources */ = {
			isa = PBXSourcesBuildPhase;
			buildActionMask = 2147483647;
			files = (
				7B07BDA21D275EFB00703B7C /* ViewController.swift in Sources */,
				7B07BDA01D275EFB00703B7C /* AppDelegate.swift in Sources */,
			);
			runOnlyForDeploymentPostprocessing = 0;
		};
/* End PBXSourcesBuildPhase section */

/* Begin PBXVariantGroup section */
		7B07BDA31D275EFB00703B7C /* Main.storyboard */ = {
			isa = PBXVariantGroup;
			children = (
				7B07BDA41D275EFB00703B7C /* Base */,
			);
			name = Main.storyboard;
			sourceTree = "<group>";
		};
		7B07BDA81D275EFB00703B7C /* LaunchScreen.storyboard */ = {
			isa = PBXVariantGroup;
			children = (
				7B07BDA91D275EFB00703B7C /* Base */,
			);
			name = LaunchScreen.storyboard;
			sourceTree = "<group>";
		};
/* End PBXVariantGroup section */

/* Begin XCBuildConfiguration section */
		7B07BDAC1D275EFB00703B7C /* Debug */ = {
			isa = XCBuildConfiguration;
			buildSettings = {
				ALWAYS_SEARCH_USER_PATHS = NO;
				CLANG_ANALYZER_NONNULL = YES;
				CLANG_CXX_LANGUAGE_STANDARD = "gnu++0x";
				CLANG_CXX_LIBRARY = "libc++";
				CLANG_ENABLE_MODULES = YES;
				CLANG_ENABLE_OBJC_ARC = YES;
				CLANG_WARN_BOOL_CONVERSION = YES;
				CLANG_WARN_CONSTANT_CONVERSION = YES;
				CLANG_WARN_DIRECT_OBJC_ISA_USAGE = YES_ERROR;
				CLANG_WARN_EMPTY_BODY = YES;
				CLANG_WARN_ENUM_CONVERSION = YES;
				CLANG_WARN_INT_CONVERSION = YES;
				CLANG_WARN_OBJC_ROOT_CLASS = YES_ERROR;
				CLANG_WARN_UNREACHABLE_CODE = YES;
				CLANG_WARN__DUPLICATE_METHOD_MATCH = YES;
				"CODE_SIGN_IDENTITY[sdk=iphoneos*]" = "iPhone Developer";
				COPY_PHASE_STRIP = NO;
				DEBUG_INFORMATION_FORMAT = dwarf;
				ENABLE_STRICT_OBJC_MSGSEND = YES;
				ENABLE_TESTABILITY = YES;
				GCC_C_LANGUAGE_STANDARD = gnu99;
				GCC_DYNAMIC_NO_PIC = NO;
				GCC_NO_COMMON_BLOCKS = YES;
				GCC_OPTIMIZATION_LEVEL = 0;
				GCC_PREPROCESSOR_DEFINITIONS = (
					"DEBUG=1",
					"$(inherited)",
				);
				GCC_WARN_64_TO_32_BIT_CONVERSION = YES;
				GCC_WARN_ABOUT_RETURN_TYPE = YES_ERROR;
				GCC_WARN_UNDECLARED_SELECTOR = YES;
				GCC_WARN_UNINITIALIZED_AUTOS = YES_AGGRESSIVE;
				GCC_WARN_UNUSED_FUNCTION = YES;
				GCC_WARN_UNUSED_VARIABLE = YES;
				IPHONEOS_DEPLOYMENT_TARGET = 9.3;
				MTL_ENABLE_DEBUG_INFO = YES;
				ONLY_ACTIVE_ARCH = YES;
				SDKROOT = iphoneos;
				SWIFT_OPTIMIZATION_LEVEL = "-Onone";
			};
			name = Debug;
		};
		7B07BDAD1D275EFB00703B7C /* Release */ = {
			isa = XCBuildConfiguration;
			buildSettings = {
				ALWAYS_SEARCH_USER_PATHS = NO;
				CLANG_ANALYZER_NONNULL = YES;
				CLANG_CXX_LANGUAGE_STANDARD = "gnu++0x";
				CLANG_CXX_LIBRARY = "libc++";
				CLANG_ENABLE_MODULES = YES;
				CLANG_ENABLE_OBJC_ARC = YES;
				CLANG_WARN_BOOL_CONVERSION = YES;
				CLANG_WARN_CONSTANT_CONVERSION = YES;
				CLANG_WARN_DIRECT_OBJC_ISA_USAGE = YES_ERROR;
				CLANG_WARN_EMPTY_BODY = YES;
				CLANG_WARN_ENUM_CONVERSION = YES;
				CLANG_WARN_INT_CONVERSION = YES;
				CLANG_WARN_OBJC_ROOT_CLASS = YES_ERROR;
				CLANG_WARN_UNREACHABLE_CODE = YES;
				CLANG_WARN__DUPLICATE_METHOD_MATCH = YES;
				"CODE_SIGN_IDENTITY[sdk=iphoneos*]" = "iPhone Developer";
				COPY_PHASE_STRIP = NO;
				DEBUG_INFORMATION_FORMAT = "dwarf-with-dsym";
				ENABLE_NS_ASSERTIONS = NO;
				ENABLE_STRICT_OBJC_MSGSEND = YES;
				GCC_C_LANGUAGE_STANDARD = gnu99;
				GCC_NO_COMMON_BLOCKS = YES;
				GCC_WARN_64_TO_32_BIT_CONVERSION = YES;
				GCC_WARN_ABOUT_RETURN_TYPE = YES_ERROR;
				GCC_WARN_UNDECLARED_SELECTOR = YES;
				GCC_WARN_UNINITIALIZED_AUTOS = YES_AGGRESSIVE;
				GCC_WARN_UNUSED_FUNCTION = YES;
				GCC_WARN_UNUSED_VARIABLE = YES;
				IPHONEOS_DEPLOYMENT_TARGET = 9.3;
				MTL_ENABLE_DEBUG_INFO = NO;
				SDKROOT = iphoneos;
				VALIDATE_PRODUCT = YES;
			};
			name = Release;
		};
		7B07BDAF1D275EFB00703B7C /* Debug */ = {
			isa = XCBuildConfiguration;
			buildSettings = {
				ASSETCATALOG_COMPILER_APPICON_NAME = AppIcon;
				INFOPLIST_FILE = PJMusicPlayer/Info.plist;
				LD_RUNPATH_SEARCH_PATHS = "$(inherited) @executable_path/Frameworks";
				PRODUCT_BUNDLE_IDENTIFIER = com.jinpeng.PJMusicPlayer;
				PRODUCT_NAME = "$(TARGET_NAME)";
			};
			name = Debug;
		};
		7B07BDB01D275EFB00703B7C /* Release */ = {
			isa = XCBuildConfiguration;
			buildSettings = {
				ASSETCATALOG_COMPILER_APPICON_NAME = AppIcon;
				INFOPLIST_FILE = PJMusicPlayer/Info.plist;
				LD_RUNPATH_SEARCH_PATHS = "$(inherited) @executable_path/Frameworks";
				PRODUCT_BUNDLE_IDENTIFIER = com.jinpeng.PJMusicPlayer;
				PRODUCT_NAME = "$(TARGET_NAME)";
			};
			name = Release;
		};
/* End XCBuildConfiguration section */

/* Begin XCConfigurationList section */
		7B07BD971D275EFA00703B7C /* Build configuration list for PBXProject "PJMusicPlayer" */ = {
			isa = XCConfigurationList;
			buildConfigurations = (
				7B07BDAC1D275EFB00703B7C /* Debug */,
				7B07BDAD1D275EFB00703B7C /* Release */,
			);
			defaultConfigurationIsVisible = 0;
			defaultConfigurationName = Release;
		};
		7B07BDAE1D275EFB00703B7C /* Build configuration list for PBXNativeTarget "PJMusicPlayer" */ = {
			isa = XCConfigurationList;
			buildConfigurations = (
				7B07BDAF1D275EFB00703B7C /* Debug */,
				7B07BDB01D275EFB00703B7C /* Release */,
			);
			defaultConfigurationIsVisible = 0;
			defaultConfigurationName = Release;
		};
/* End XCConfigurationList section */
	};
	rootObject = 7B07BD941D275EFA00703B7C /* Project object */;
}
